
Microsoft Visual Studio Solution File, Format Version 12.00
# Visual Studio Version 17
VisualStudioVersion = 17.7.34024.191
MinimumVisualStudioVersion = 10.0.40219.1
Project("{FAE04EC0-301F-11D3-BF4B-00C04F79EFBC}") = "DPA.Store.API", "DPA.Store.API\DPA.Store.API.csproj", "{A142DE0E-857B-4628-9164-7018C45FA57F}"
EndProject
Project("{FAE04EC0-301F-11D3-BF4B-00C04F79EFBC}") = "DPA.Store.DOMAIN", "DPA.Store.DOMAIN\DPA.Store.DOMAIN.csproj", "{DEF60B41-FC94-4BE6-83C7-9C6D05F0E203}"
EndProject
Project("{00D1A9C2-B5F0-4AF3-8072-F6C62B433612}") = "DPA.Store.DATABASE", "DPA.Store.DATABASE\DPA.Store.DATABASE.sqlproj", "{82F9FC4A-C4E4-4190-9800-967E05648BEB}"
EndProject
Global
	GlobalSection(SolutionConfigurationPlatforms) = preSolution
		Debug|Any CPU = Debug|Any CPU
		Release|Any CPU = Release|Any CPU
	EndGlobalSection
	GlobalSection(ProjectConfigurationPlatforms) = postSolution
		{A142DE0E-857B-4628-9164-7018C45FA57F}.Debug|Any CPU.ActiveCfg = Debug|Any CPU
		{A142DE0E-857B-4628-9164-7018C45FA57F}.Debug|Any CPU.Build.0 = Debug|Any CPU
		{A142DE0E-857B-4628-9164-7018C45FA57F}.Release|Any CPU.ActiveCfg = Release|Any CPU
		{A142DE0E-857B-4628-9164-7018C45FA57F}.Release|Any CPU.Build.0 = Release|Any CPU
		{DEF60B41-FC94-4BE6-83C7-9C6D05F0E203}.Debug|Any CPU.ActiveCfg = Debug|Any CPU
		{DEF60B41-FC94-4BE6-83C7-9C6D05F0E203}.Debug|Any CPU.Build.0 = Debug|Any CPU
		{DEF60B41-FC94-4BE6-83C7-9C6D05F0E203}.Release|Any CPU.ActiveCfg = Release|Any CPU
		{DEF60B41-FC94-4BE6-83C7-9C6D05F0E203}.Release|Any CPU.Build.0 = Release|Any CPU
		{82F9FC4A-C4E4-4190-9800-967E05648BEB}.Debug|Any CPU.ActiveCfg = Debug|Any CPU
		{82F9FC4A-C4E4-4190-9800-967E05648BEB}.Debug|Any CPU.Build.0 = Debug|Any CPU
		{82F9FC4A-C4E4-4190-9800-967E05648BEB}.Debug|Any CPU.Deploy.0 = Debug|Any CPU
		{82F9FC4A-C4E4-4190-9800-967E05648BEB}.Release|Any CPU.ActiveCfg = Release|Any CPU
		{82F9FC4A-C4E4-4190-9800-967E05648BEB}.Release|Any CPU.Build.0 = Release|Any CPU
		{82F9FC4A-C4E4-4190-9800-967E05648BEB}.Release|Any CPU.Deploy.0 = Release|Any CPU
	EndGlobalSection
	GlobalSection(SolutionProperties) = preSolution
		HideSolutionNode = FALSE
	EndGlobalSection
	GlobalSection(ExtensibilityGlobals) = postSolution
		SolutionGuid = {51C05334-FF68-4C2D-AB73-3622AC76384A}
	EndGlobalSection
EndGlobal
